
Microsoft Visual Studio Solution File, Format Version 12.00
# Visual Studio 15
VisualStudioVersion = 15.0.27130.2003
MinimumVisualStudioVersion = 10.0.40219.1
Project("{FAE04EC0-301F-11D3-BF4B-00C04F79EFBC}") = "WebApplication1", "WebApplication1\WebApplication1.csproj", "{14B27402-8496-4B9E-AC52-B643F1606C3C}"
EndProject
Global
	GlobalSection(SolutionConfigurationPlatforms) = preSolution
		Debug|Any CPU = Debug|Any CPU
		Release|Any CPU = Release|Any CPU
	EndGlobalSection
	GlobalSection(ProjectConfigurationPlatforms) = postSolution
		{14B27402-8496-4B9E-AC52-B643F1606C3C}.Debug|Any CPU.ActiveCfg = Debug|Any CPU
		{14B27402-8496-4B9E-AC52-B643F1606C3C}.Debug|Any CPU.Build.0 = Debug|Any CPU
		{14B27402-8496-4B9E-AC52-B643F1606C3C}.Release|Any CPU.ActiveCfg = Release|Any CPU
		{14B27402-8496-4B9E-AC52-B643F1606C3C}.Release|Any CPU.Build.0 = Release|Any CPU
	EndGlobalSection
	GlobalSection(SolutionProperties) = preSolution
		HideSolutionNode = FALSE
	EndGlobalSection
	GlobalSection(ExtensibilityGlobals) = postSolution
		SolutionGuid = {847A78D9-E093-4DB7-AC8C-B3C9B3B1CC87}
	EndGlobalSection
EndGlobal
